{
  "version": 4,
  "terraform_version": "1.2.3",
  "serial": 6,
  "lineage": "56b283cb-e332-ec2e-14c7-cbabc46527d6",
  "outputs": {
    "kubernetes_cluster_host": {
      "value": "35.202.189.148",
      "type": "string"
    },
    "kubernetes_cluster_name": {
      "value": "learn-gke",
      "type": "string"
    },
    "project_id": {
      "value": "189189082755",
      "type": "string"
    },
    "region": {
      "value": "us-central1",
      "type": "string"
    }
  },
  "resources": [
    {
      "mode": "managed",
      "type": "google_compute_network",
      "name": "vpc",
      "provider": "provider[\"registry.terraform.io/hashicorp/google\"]",
      "instances": [
        {
          "schema_version": 0,
          "attributes": {
            "auto_create_subnetworks": false,
            "delete_default_routes_on_create": false,
            "description": "",
            "gateway_ipv4": "",
            "id": "projects/189189082755/global/networks/learn-vpc",
            "mtu": 0,
            "name": "learn-vpc",
            "project": "189189082755",
            "routing_mode": "REGIONAL",
            "self_link": "https://www.googleapis.com/compute/v1/projects/windy-lyceum-353616/global/networks/learn-vpc",
            "timeouts": null
          },
          "sensitive_attributes": [],
          "private": "eyJlMmJmYjczMC1lY2FhLTExZTYtOGY4OC0zNDM2M2JjN2M0YzAiOnsiY3JlYXRlIjoyNDAwMDAwMDAwMDAsImRlbGV0ZSI6MjQwMDAwMDAwMDAwLCJ1cGRhdGUiOjI0MDAwMDAwMDAwMH19"
        }
      ]
    },
    {
      "mode": "managed",
      "type": "google_compute_subnetwork",
      "name": "subnet",
      "provider": "provider[\"registry.terraform.io/hashicorp/google\"]",
      "instances": [
        {
          "schema_version": 0,
          "attributes": {
            "creation_timestamp": "2022-06-25T05:55:48.185-07:00",
            "description": "",
            "fingerprint": null,
            "gateway_address": "10.10.0.1",
            "id": "projects/189189082755/regions/us-central1/subnetworks/learn-subnet",
            "ip_cidr_range": "10.10.0.0/24",
            "log_config": [],
            "name": "learn-subnet",
            "network": "https://www.googleapis.com/compute/v1/projects/windy-lyceum-353616/global/networks/learn-vpc",
            "private_ip_google_access": false,
            "private_ipv6_google_access": "DISABLE_GOOGLE_ACCESS",
            "project": "189189082755",
            "region": "us-central1",
            "secondary_ip_range": [],
            "self_link": "https://www.googleapis.com/compute/v1/projects/windy-lyceum-353616/regions/us-central1/subnetworks/learn-subnet",
            "timeouts": null
          },
          "sensitive_attributes": [],
          "private": "eyJlMmJmYjczMC1lY2FhLTExZTYtOGY4OC0zNDM2M2JjN2M0YzAiOnsiY3JlYXRlIjozNjAwMDAwMDAwMDAsImRlbGV0ZSI6MzYwMDAwMDAwMDAwLCJ1cGRhdGUiOjM2MDAwMDAwMDAwMH19",
          "dependencies": [
            "google_compute_network.vpc"
          ]
        }
      ]
    },
    {
      "mode": "managed",
      "type": "google_container_cluster",
      "name": "primary",
      "provider": "provider[\"registry.terraform.io/hashicorp/google\"]",
      "instances": [
        {
          "schema_version": 1,
          "attributes": {
            "addons_config": [
              {
                "cloudrun_config": [],
                "horizontal_pod_autoscaling": [],
                "http_load_balancing": [],
                "network_policy_config": [
                  {
                    "disabled": true
                  }
                ]
              }
            ],
            "authenticator_groups_config": [],
            "cluster_autoscaling": [
              {
                "auto_provisioning_defaults": [],
                "enabled": false,
                "resource_limits": []
              }
            ],
            "cluster_ipv4_cidr": "10.240.0.0/14",
            "database_encryption": [
              {
                "key_name": "",
                "state": "DECRYPTED"
              }
            ],
            "default_max_pods_per_node": 110,
            "description": "",
            "enable_binary_authorization": false,
            "enable_intranode_visibility": null,
            "enable_kubernetes_alpha": false,
            "enable_legacy_abac": false,
            "enable_shielded_nodes": false,
            "enable_tpu": null,
            "endpoint": "35.202.189.148",
            "id": "projects/189189082755/locations/us-central1/clusters/learn-gke",
            "initial_node_count": 1,
            "instance_group_urls": [],
            "ip_allocation_policy": [
              {
                "cluster_ipv4_cidr_block": "10.240.0.0/14",
                "cluster_secondary_range_name": "gke-learn-gke-pods-16b765a1",
                "services_ipv4_cidr_block": "10.244.0.0/20",
                "services_secondary_range_name": "gke-learn-gke-services-16b765a1"
              }
            ],
            "label_fingerprint": "a9dc16a7",
            "location": "us-central1",
            "logging_service": "logging.googleapis.com/kubernetes",
            "maintenance_policy": [],
            "master_auth": [
              {
                "client_certificate": "",
                "client_certificate_config": [
                  {
                    "issue_client_certificate": false
                  }
                ],
                "client_key": "",
                "cluster_ca_certificate": "LS0tLS1CRUdJTiBDRVJUSUZJQ0FURS0tLS0tCk1JSUVMVENDQXBXZ0F3SUJBZ0lSQU1tYzNQMWJWVGZCUDZDVlJva1hmaUF3RFFZSktvWklodmNOQVFFTEJRQXcKTHpFdE1Dc0dBMVVFQXhNa05ERXlaR0U0TlRFdE5tTTFZeTAwTkdObExXRTFNekV0WXpkaU1qWTNNMkpsWmpBMwpNQ0FYRFRJeU1EWXlOVEV4TlRVMU9Wb1lEekl3TlRJd05qRTNNVEkxTlRVNVdqQXZNUzB3S3dZRFZRUURFeVEwCk1USmtZVGcxTVMwMll6VmpMVFEwWTJVdFlUVXpNUzFqTjJJeU5qY3pZbVZtTURjd2dnR2lNQTBHQ1NxR1NJYjMKRFFFQkFRVUFBNElCandBd2dnR0tBb0lCZ1FER2RCcHd0RWFRWTA4UjdmS2JyOTZKSGZFenVzeGM5YXlYc2szWgpwK0Z2WmtabFA4aCtpYzNCZ2tzOGEyZlZyWVZXNFFnK0o0VTdoVVNld3ExV0ZTODNmdHdCRU9zNnJuMlRFeVdBCmFXbnpnWVNRMUU5amlRMkF2SGlRQ1ljWGxIR1BvdTdsRzVqWFRZdk03akdXUkFyOEFMd1UzRDRuWFNjdUxwaHIKMTRWWmhBUXJwd01ubW4wOFRuRUxVbmVBcWExL2lOTElSeHJiQ1EvaC9FWVhrc3Bna09DU1FhNStpTTJoR285dQpHeWRCZEFNOFVCR1p0bllDVUtIb0FEL28xc0Q1Nnczb05WeW1JWnN6UjYxY29jTUJRRENBT2hDeUxldHlyaWpqCmV6dG50bWwrT1ZKVWU0RFBzT1BWalVGekQxRzBOeDJWeHFVNWFSWDQyLzZSV3VyclhPQmNFQ3NZcWM4SklLR1gKTXpYRkp0ckN5ZHZIWW5tQXdoUWlvcHJpM2FDSUF6T0FNbUNsbHN4RUdROWtQUERSQVVKT1NmUEcvbnFZenlNcwpORHY4RVh2dFlmK0VXRWowb0VCdUM3SFQzSTM2MFpVellta2lCNy9zbm5yZmRTMUVselJTTEduTnRNNTF5NnNjCnZwVC82NkZzT3dWNXB4aHdBU0pVbmZRSENJc0NBd0VBQWFOQ01FQXdEZ1lEVlIwUEFRSC9CQVFEQWdJRU1BOEcKQTFVZEV3RUIvd1FGTUFNQkFmOHdIUVlEVlIwT0JCWUVGQlN1RC81TXdFb1A5WEZwc3NmalhwSTRMSlUzTUEwRwpDU3FHU0liM0RRRUJDd1VBQTRJQmdRQXlDeGRjdWlESmRCVkc0aVQrd0sraFhqMHUreEV6MkhydENWdjhSSnBQClh2WHNQem9IZ3V5eDIwK0pEa1pZZ3BUVE5Sem5OejhPbml4c1FqU0VnbGQ2V1plVTFpQzhOa2ErUllVZWhpL28KeFBMSnROMXZLSjR3WW9Ba2ZvTExDcjg4Z29OR240RkdDUHR4TWM2TDZ1bjFkZ21wL3lEOHJsdFlFaTMwaEJLRQo2ZWM5V0J5emRXYzlIREUxV09tYVhKTFhMQTRYb2tRTFZEamdacEo1MXBtd0U0cCtuRERjNEQ5U0s3YjVZMWM2CjNpSVIyWDJJS2FkUFRESEF1OWNna21jVnFQMDNBdHlMZDlBRUxIZzFDN1g5ZW05L0lDbXBMeDhtc2ZTdmplTHIKVHg3aVhqcy9oOVlCK3N5T1VWSHpTTXlwaVJvcUNsTERIK0d5WWkyWjhwblo2MTg4Slc2UEZubUUrbXlIS3lFcwpDSTNZejM3VmZVdXZQV0YyOFMwVjNBa1lIa29SMGp4MXpWcjIxL2tGcGJwSXpEMmJlTm5sV21GUGZPeXVxNmxqCjBWQUxXaGNzVzFORGJtRkhWdUl4VUJzekZUUXoxMHpoTGNQeVB1QTZ1THhBZGh1TTdEMUZwcEQwbnJRZGpoeEgKd3Qzd2lOM3EwbXI1L2tnZ1EwYWZwcG89Ci0tLS0tRU5EIENFUlRJRklDQVRFLS0tLS0K",
                "password": "",
                "username": ""
              }
            ],
            "master_authorized_networks_config": [],
            "master_version": "1.22.8-gke.202",
            "min_master_version": null,
            "monitoring_service": "monitoring.googleapis.com/kubernetes",
            "name": "learn-gke",
            "network": "projects/windy-lyceum-353616/global/networks/learn-vpc",
            "network_policy": [
              {
                "enabled": false,
                "provider": "PROVIDER_UNSPECIFIED"
              }
            ],
            "node_config": [],
            "node_locations": [
              "us-central1-b",
              "us-central1-c",
              "us-central1-f"
            ],
            "node_pool": [],
            "node_version": "1.22.8-gke.202",
            "operation": null,
            "pod_security_policy_config": [],
            "private_cluster_config": [],
            "project": "189189082755",
            "release_channel": [
              {
                "channel": "REGULAR"
              }
            ],
            "remove_default_node_pool": true,
            "resource_labels": null,
            "resource_usage_export_config": [],
            "self_link": "https://container.googleapis.com/v1beta1/projects/windy-lyceum-353616/locations/us-central1/clusters/learn-gke",
            "services_ipv4_cidr": "10.244.0.0/20",
            "subnetwork": "projects/windy-lyceum-353616/regions/us-central1/subnetworks/learn-subnet",
            "timeouts": null,
            "vertical_pod_autoscaling": [],
            "workload_identity_config": []
          },
          "sensitive_attributes": [],
          "private": "eyJlMmJmYjczMC1lY2FhLTExZTYtOGY4OC0zNDM2M2JjN2M0YzAiOnsiY3JlYXRlIjoyNDAwMDAwMDAwMDAwLCJkZWxldGUiOjI0MDAwMDAwMDAwMDAsInJlYWQiOjI0MDAwMDAwMDAwMDAsInVwZGF0ZSI6MzYwMDAwMDAwMDAwMH0sInNjaGVtYV92ZXJzaW9uIjoiMSJ9",
          "dependencies": [
            "google_compute_network.vpc",
            "google_compute_subnetwork.subnet"
          ]
        }
      ]
    },
    {
      "mode": "managed",
      "type": "google_container_node_pool",
      "name": "primary_nodes",
      "provider": "provider[\"registry.terraform.io/hashicorp/google\"]",
      "instances": [
        {
          "status": "tainted",
          "schema_version": 1,
          "attributes": {
            "autoscaling": [],
            "cluster": "learn-gke",
            "id": "projects/189189082755/locations/us-central1/clusters/learn-gke/nodePools/learn-gke-node-pool",
            "initial_node_count": null,
            "instance_group_urls": null,
            "location": "us-central1",
            "management": null,
            "max_pods_per_node": null,
            "name": "learn-gke-node-pool",
            "name_prefix": null,
            "node_config": [
              {
                "disk_size_gb": 0,
                "disk_type": "",
                "guest_accelerator": [],
                "image_type": "",
                "labels": {
                  "env": "189189082755"
                },
                "local_ssd_count": 0,
                "machine_type": "n1-standard-1",
                "metadata": {
                  "disable-legacy-endpoints": "true"
                },
                "min_cpu_platform": "",
                "oauth_scopes": [
                  "https://www.googleapis.com/auth/logging.write",
                  "https://www.googleapis.com/auth/monitoring"
                ],
                "preemptible": false,
                "service_account": "",
                "shielded_instance_config": [],
                "tags": [
                  "gke-node",
                  "189189082755-gke"
                ],
                "taint": [],
                "workload_metadata_config": []
              }
            ],
            "node_count": 2,
            "node_locations": [],
            "project": null,
            "timeouts": null,
            "upgrade_settings": null,
            "version": null
          },
          "sensitive_attributes": [],
          "private": "eyJlMmJmYjczMC1lY2FhLTExZTYtOGY4OC0zNDM2M2JjN2M0YzAiOnsiY3JlYXRlIjoxODAwMDAwMDAwMDAwLCJkZWxldGUiOjE4MDAwMDAwMDAwMDAsInVwZGF0ZSI6MTgwMDAwMDAwMDAwMH0sInNjaGVtYV92ZXJzaW9uIjoiMSJ9",
          "dependencies": [
            "google_compute_network.vpc",
            "google_compute_subnetwork.subnet",
            "google_container_cluster.primary"
          ]
        }
      ]
    }
  ]
}
