{
  "version": 4,
  "terraform_version": "1.2.3",
  "serial": 10,
  "lineage": "56b283cb-e332-ec2e-14c7-cbabc46527d6",
  "outputs": {
    "kubernetes_cluster_host": {
      "value": "35.238.178.69",
      "type": "string"
    },
    "kubernetes_cluster_name": {
      "value": "learn-gke",
      "type": "string"
    },
    "project_id": {
      "value": "189189082755",
      "type": "string"
    },
    "region": {
      "value": "us-central1",
      "type": "string"
    }
  },
  "resources": [
    {
      "mode": "managed",
      "type": "google_compute_network",
      "name": "vpc",
      "provider": "provider[\"registry.terraform.io/hashicorp/google\"]",
      "instances": [
        {
          "schema_version": 0,
          "attributes": {
            "auto_create_subnetworks": false,
            "delete_default_routes_on_create": false,
            "description": "",
            "gateway_ipv4": "",
            "id": "projects/189189082755/global/networks/learn-vpc",
            "mtu": 0,
            "name": "learn-vpc",
            "project": "189189082755",
            "routing_mode": "REGIONAL",
            "self_link": "https://www.googleapis.com/compute/v1/projects/windy-lyceum-353616/global/networks/learn-vpc",
            "timeouts": null
          },
          "sensitive_attributes": [],
          "private": "eyJlMmJmYjczMC1lY2FhLTExZTYtOGY4OC0zNDM2M2JjN2M0YzAiOnsiY3JlYXRlIjoyNDAwMDAwMDAwMDAsImRlbGV0ZSI6MjQwMDAwMDAwMDAwLCJ1cGRhdGUiOjI0MDAwMDAwMDAwMH19"
        }
      ]
    },
    {
      "mode": "managed",
      "type": "google_compute_subnetwork",
      "name": "subnet",
      "provider": "provider[\"registry.terraform.io/hashicorp/google\"]",
      "instances": [
        {
          "schema_version": 0,
          "attributes": {
            "creation_timestamp": "2022-06-25T05:55:48.185-07:00",
            "description": "",
            "fingerprint": null,
            "gateway_address": "10.10.0.1",
            "id": "projects/189189082755/regions/us-central1/subnetworks/learn-subnet",
            "ip_cidr_range": "10.10.0.0/24",
            "log_config": [],
            "name": "learn-subnet",
            "network": "https://www.googleapis.com/compute/v1/projects/windy-lyceum-353616/global/networks/learn-vpc",
            "private_ip_google_access": false,
            "private_ipv6_google_access": "DISABLE_GOOGLE_ACCESS",
            "project": "189189082755",
            "region": "us-central1",
            "secondary_ip_range": [
              {
                "ip_cidr_range": "10.244.0.0/20",
                "range_name": "gke-learn-gke-services-16b765a1"
              },
              {
                "ip_cidr_range": "10.240.0.0/14",
                "range_name": "gke-learn-gke-pods-16b765a1"
              }
            ],
            "self_link": "https://www.googleapis.com/compute/v1/projects/windy-lyceum-353616/regions/us-central1/subnetworks/learn-subnet",
            "timeouts": null
          },
          "sensitive_attributes": [],
          "private": "eyJlMmJmYjczMC1lY2FhLTExZTYtOGY4OC0zNDM2M2JjN2M0YzAiOnsiY3JlYXRlIjozNjAwMDAwMDAwMDAsImRlbGV0ZSI6MzYwMDAwMDAwMDAwLCJ1cGRhdGUiOjM2MDAwMDAwMDAwMH19",
          "dependencies": [
            "google_compute_network.vpc"
          ]
        }
      ]
    },
    {
      "mode": "managed",
      "type": "google_container_cluster",
      "name": "primary",
      "provider": "provider[\"registry.terraform.io/hashicorp/google\"]",
      "instances": [
        {
          "schema_version": 1,
          "attributes": {
            "addons_config": [
              {
                "cloudrun_config": [],
                "horizontal_pod_autoscaling": [],
                "http_load_balancing": [],
                "network_policy_config": [
                  {
                    "disabled": true
                  }
                ]
              }
            ],
            "authenticator_groups_config": [],
            "cluster_autoscaling": [
              {
                "auto_provisioning_defaults": [],
                "enabled": false,
                "resource_limits": []
              }
            ],
            "cluster_ipv4_cidr": "10.240.0.0/14",
            "database_encryption": [
              {
                "key_name": "",
                "state": "DECRYPTED"
              }
            ],
            "default_max_pods_per_node": 110,
            "description": "",
            "enable_binary_authorization": false,
            "enable_intranode_visibility": null,
            "enable_kubernetes_alpha": false,
            "enable_legacy_abac": false,
            "enable_shielded_nodes": false,
            "enable_tpu": null,
            "endpoint": "35.238.178.69",
            "id": "projects/189189082755/locations/us-central1/clusters/learn-gke",
            "initial_node_count": 1,
            "instance_group_urls": [],
            "ip_allocation_policy": [
              {
                "cluster_ipv4_cidr_block": "10.240.0.0/14",
                "cluster_secondary_range_name": "gke-learn-gke-pods-19216a79",
                "services_ipv4_cidr_block": "10.244.0.0/20",
                "services_secondary_range_name": "gke-learn-gke-services-19216a79"
              }
            ],
            "label_fingerprint": "a9dc16a7",
            "location": "us-central1",
            "logging_service": "logging.googleapis.com/kubernetes",
            "maintenance_policy": [],
            "master_auth": [
              {
                "client_certificate": "",
                "client_certificate_config": [
                  {
                    "issue_client_certificate": false
                  }
                ],
                "client_key": "",
                "cluster_ca_certificate": "LS0tLS1CRUdJTiBDRVJUSUZJQ0FURS0tLS0tCk1JSUVMRENDQXBTZ0F3SUJBZ0lRUGZ2czUrSkRWMG0wQzU1UFhrdVdxekFOQmdrcWhraUc5dzBCQVFzRkFEQXYKTVMwd0t3WURWUVFERXlReFltSmtNalUzTXkwMU5HWXlMVFEyTkdZdE9HSmtOeTAwWVdFMk9UbGhNelUxWkdZdwpJQmNOTWpJd05qSTFNVEl4TXpBeFdoZ1BNakExTWpBMk1UY3hNekV6TURGYU1DOHhMVEFyQmdOVkJBTVRKREZpClltUXlOVGN6TFRVMFpqSXRORFkwWmkwNFltUTNMVFJoWVRZNU9XRXpOVFZrWmpDQ0FhSXdEUVlKS29aSWh2Y04KQVFFQkJRQURnZ0dQQURDQ0FZb0NnZ0dCQUtjVk5iYnc3ZG40SlRNUW1lMlJXNzBoa29aWHNkUWFuTzRoK0p1OQpwaXpFRXNaNVlKTHI4VDd3TWlIcnRHY1Y0NWFOenllYXFtYzFBZTJZTGRxWjMvWHZnN0hPVklWNWQvbk5iLytvCkRIQytTVmFFdEt0aTk1d2pXc0JMajdoYUxxbHI1NVBkdlY0TEF2d3lMUUhwMU5scVIwdFIxRXgvZ0hMS1Fpb20KbzZITUdweXByOUVwZ3p4NGJOR1ZyS2lMZVBjUGFoc2tXSmJqdHM3VFpmTmZkeXZic21tbllFM2ZuaEJzakl3UgpGNXVqNy80ZWlWekhqeXBrVXV5aDJVdUh5djg2dS9IeUFVdXFQaDM1Z05IQmFZekIwdlJESGxFdnkwaWk1dmk4Ci8vSDkyMDNVVXFhbGdaSDB1dFh5YVRtR0hlQUpJYkwrR0QwT0pqaUg4K0RWWWhTamhaUngzL1F2dmtiVi9GdDQKM09nVmpTUzR5cjNHTmpxU1FaZGlVZHEzSXpSeHg4aDZkWHZLSzkyV01OUWZ6K0Y3RXhBTW4rVEdZdEpQTEJEKwpNcW53ajcwK2FwVzhMbVkvelZzMzNjQmNlYThzTDBzZkV3MHhLZVpQSnFpNk5aVjhFTHZHbmYrVS9HN0g4aFpXCnJZSk5pNDNsWU9tVXE1K2dON21ZK0RYcFB3SURBUUFCbzBJd1FEQU9CZ05WSFE4QkFmOEVCQU1DQWdRd0R3WUQKVlIwVEFRSC9CQVV3QXdFQi96QWRCZ05WSFE0RUZnUVVPRWNnZkMvT2R2TERQQjRnUGVVR1FDdGI5Zll3RFFZSgpLb1pJaHZjTkFRRUxCUUFEZ2dHQkFHWjhEMWJRMi9YT1BpVWcwNk1qMnkwdTA5TU5PTXF0Uk9vY2UxL3BIN2QrCkNNWVAyVTZNYkk0RnQ3N0ZCVEp4M3hXUUJpU0ZhYms5V1dRb0pWSUlmZDA0bjJrcUNtWFlOYzh3MnlkNFdNQncKN3VTWENqN243aXQ1aGsybmx6UksrOSt2RjJXSUxlNEdBcUpvT0VHaFpOOUlPUCtaTDR3cGJ1NmtIOVlBV2RvMAp0d0dQWGE1ak9qNW1NcksvS3dQWlozMU84VGRDcEMrNWZpdzk2N0xMSkIvWExhYWQyZDJRTUdvanAzOUkwWUcrCkVoa3RaSUVOemFqZER0TWxaUXF1V21UOGZJaVRMaXFuY3FRa2l3ckI3WVM0SHNQeFR6aGJvUkpuNyswNmk3V3gKL3BrRDJHbmY2aGhiUTNjSXlUUE9La2tVVDY5Y0VwN2Q3Z1g4c0d0TnBTL3F1Q2FLUG1WcGIvY1pSemJZUC9hZQpyOGhCSy9nZ1VIVWpZMGhSNVlaWmtvMGdXVDFWTzhOTTFEN2ZLcXkyR1V6M1RHOWl4WTZER1daOHFrMGNMWjRTCkREeDJqczBMeldtRGRNaEU2WnBrTVNhQmNXcVJFc2ZqZm1uRlVGZzZOTWdaeDB0TW13SXN6RXRwVVQwc1ZXVkkKamtoM1ZlL0piWjlPQVY1OC8wQTcxUT09Ci0tLS0tRU5EIENFUlRJRklDQVRFLS0tLS0K",
                "password": "",
                "username": ""
              }
            ],
            "master_authorized_networks_config": [],
            "master_version": "1.22.8-gke.202",
            "min_master_version": null,
            "monitoring_service": "monitoring.googleapis.com/kubernetes",
            "name": "learn-gke",
            "network": "projects/windy-lyceum-353616/global/networks/learn-vpc",
            "network_policy": [
              {
                "enabled": false,
                "provider": "PROVIDER_UNSPECIFIED"
              }
            ],
            "node_config": [],
            "node_locations": [
              "us-central1-a",
              "us-central1-c",
              "us-central1-f"
            ],
            "node_pool": [],
            "node_version": "1.22.8-gke.202",
            "operation": null,
            "pod_security_policy_config": [],
            "private_cluster_config": [],
            "project": "189189082755",
            "release_channel": [
              {
                "channel": "REGULAR"
              }
            ],
            "remove_default_node_pool": true,
            "resource_labels": null,
            "resource_usage_export_config": [],
            "self_link": "https://container.googleapis.com/v1beta1/projects/windy-lyceum-353616/locations/us-central1/clusters/learn-gke",
            "services_ipv4_cidr": "10.244.0.0/20",
            "subnetwork": "projects/windy-lyceum-353616/regions/us-central1/subnetworks/learn-subnet",
            "timeouts": null,
            "vertical_pod_autoscaling": [],
            "workload_identity_config": []
          },
          "sensitive_attributes": [],
          "private": "eyJlMmJmYjczMC1lY2FhLTExZTYtOGY4OC0zNDM2M2JjN2M0YzAiOnsiY3JlYXRlIjoyNDAwMDAwMDAwMDAwLCJkZWxldGUiOjI0MDAwMDAwMDAwMDAsInJlYWQiOjI0MDAwMDAwMDAwMDAsInVwZGF0ZSI6MzYwMDAwMDAwMDAwMH0sInNjaGVtYV92ZXJzaW9uIjoiMSJ9",
          "dependencies": [
            "google_compute_network.vpc",
            "google_compute_subnetwork.subnet"
          ]
        }
      ]
    },
    {
      "mode": "managed",
      "type": "google_container_node_pool",
      "name": "primary_nodes",
      "provider": "provider[\"registry.terraform.io/hashicorp/google\"]",
      "instances": [
        {
          "schema_version": 1,
          "attributes": {
            "autoscaling": [],
            "cluster": "learn-gke",
            "id": "projects/189189082755/locations/us-central1/clusters/learn-gke/nodePools/learn-gke-node-pool",
            "initial_node_count": 2,
            "instance_group_urls": [
              "https://www.googleapis.com/compute/v1/projects/189189082755/zones/us-central1-a/instanceGroupManagers/gke-learn-gke-learn-gke-node-pool-e2fcd3b2-grp",
              "https://www.googleapis.com/compute/v1/projects/189189082755/zones/us-central1-c/instanceGroupManagers/gke-learn-gke-learn-gke-node-pool-776c686b-grp",
              "https://www.googleapis.com/compute/v1/projects/189189082755/zones/us-central1-f/instanceGroupManagers/gke-learn-gke-learn-gke-node-pool-06576e13-grp"
            ],
            "location": "us-central1",
            "management": [
              {
                "auto_repair": true,
                "auto_upgrade": true
              }
            ],
            "max_pods_per_node": 110,
            "name": "learn-gke-node-pool",
            "name_prefix": "",
            "node_config": [
              {
                "disk_size_gb": 100,
                "disk_type": "pd-standard",
                "guest_accelerator": [],
                "image_type": "COS_CONTAINERD",
                "labels": {
                  "env": "189189082755"
                },
                "local_ssd_count": 0,
                "machine_type": "n1-standard-1",
                "metadata": {
                  "disable-legacy-endpoints": "true"
                },
                "min_cpu_platform": "",
                "oauth_scopes": [
                  "https://www.googleapis.com/auth/logging.write",
                  "https://www.googleapis.com/auth/monitoring"
                ],
                "preemptible": false,
                "service_account": "default",
                "shielded_instance_config": [
                  {
                    "enable_integrity_monitoring": true,
                    "enable_secure_boot": false
                  }
                ],
                "tags": [
                  "gke-node",
                  "learn-gke"
                ],
                "taint": [],
                "workload_metadata_config": []
              }
            ],
            "node_count": 2,
            "node_locations": [
              "us-central1-a",
              "us-central1-c",
              "us-central1-f"
            ],
            "project": "189189082755",
            "timeouts": null,
            "upgrade_settings": [
              {
                "max_surge": 1,
                "max_unavailable": 0
              }
            ],
            "version": "1.22.8-gke.202"
          },
          "sensitive_attributes": [],
          "private": "eyJlMmJmYjczMC1lY2FhLTExZTYtOGY4OC0zNDM2M2JjN2M0YzAiOnsiY3JlYXRlIjoxODAwMDAwMDAwMDAwLCJkZWxldGUiOjE4MDAwMDAwMDAwMDAsInVwZGF0ZSI6MTgwMDAwMDAwMDAwMH0sInNjaGVtYV92ZXJzaW9uIjoiMSJ9",
          "dependencies": [
            "google_compute_network.vpc",
            "google_compute_subnetwork.subnet",
            "google_container_cluster.primary"
          ]
        }
      ]
    }
  ]
}
